
Microsoft Visual Studio Solution File, Format Version 12.00
# Visual Studio Version 17
VisualStudioVersion = 17.12.35514.174
MinimumVisualStudioVersion = 10.0.40219.1
Project("{FAE04EC0-301F-11D3-BF4B-00C04F79EFBC}") = "OgrenciYonetim", "StudentManagement\OgrenciYonetim.csproj", "{87D883FC-7F9A-423F-9C7E-B3AF33EB334D}"
EndProject
Project("{FAE04EC0-301F-11D3-BF4B-00C04F79EFBC}") = "OgrenciKonsol", "OgrenciKonsol\OgrenciKonsol.csproj", "{7458684C-33FE-4E4D-B5D3-91072A4F407E}"
EndProject
Project("{FAE04EC0-301F-11D3-BF4B-00C04F79EFBC}") = "OgrenciWindows", "OgrenciWindows\OgrenciWindows.csproj", "{D3402460-C1B5-4C30-9382-FD2B17031306}"
EndProject
Project("{FAE04EC0-301F-11D3-BF4B-00C04F79EFBC}") = "OgrenciWeb", "OgrenciWeb\OgrenciWeb.csproj", "{D3014101-04AB-4AF4-9E30-0EDCBABC48BC}"
EndProject
Global
	GlobalSection(SolutionConfigurationPlatforms) = preSolution
		Debug|Any CPU = Debug|Any CPU
		Release|Any CPU = Release|Any CPU
	EndGlobalSection
	GlobalSection(ProjectConfigurationPlatforms) = postSolution
		{87D883FC-7F9A-423F-9C7E-B3AF33EB334D}.Debug|Any CPU.ActiveCfg = Debug|Any CPU
		{87D883FC-7F9A-423F-9C7E-B3AF33EB334D}.Debug|Any CPU.Build.0 = Debug|Any CPU
		{87D883FC-7F9A-423F-9C7E-B3AF33EB334D}.Release|Any CPU.ActiveCfg = Release|Any CPU
		{87D883FC-7F9A-423F-9C7E-B3AF33EB334D}.Release|Any CPU.Build.0 = Release|Any CPU
		{7458684C-33FE-4E4D-B5D3-91072A4F407E}.Debug|Any CPU.ActiveCfg = Debug|Any CPU
		{7458684C-33FE-4E4D-B5D3-91072A4F407E}.Debug|Any CPU.Build.0 = Debug|Any CPU
		{7458684C-33FE-4E4D-B5D3-91072A4F407E}.Release|Any CPU.ActiveCfg = Release|Any CPU
		{7458684C-33FE-4E4D-B5D3-91072A4F407E}.Release|Any CPU.Build.0 = Release|Any CPU
		{D3402460-C1B5-4C30-9382-FD2B17031306}.Debug|Any CPU.ActiveCfg = Debug|Any CPU
		{D3402460-C1B5-4C30-9382-FD2B17031306}.Debug|Any CPU.Build.0 = Debug|Any CPU
		{D3402460-C1B5-4C30-9382-FD2B17031306}.Release|Any CPU.ActiveCfg = Release|Any CPU
		{D3402460-C1B5-4C30-9382-FD2B17031306}.Release|Any CPU.Build.0 = Release|Any CPU
		{D3014101-04AB-4AF4-9E30-0EDCBABC48BC}.Debug|Any CPU.ActiveCfg = Debug|Any CPU
		{D3014101-04AB-4AF4-9E30-0EDCBABC48BC}.Debug|Any CPU.Build.0 = Debug|Any CPU
		{D3014101-04AB-4AF4-9E30-0EDCBABC48BC}.Release|Any CPU.ActiveCfg = Release|Any CPU
		{D3014101-04AB-4AF4-9E30-0EDCBABC48BC}.Release|Any CPU.Build.0 = Release|Any CPU
	EndGlobalSection
	GlobalSection(SolutionProperties) = preSolution
		HideSolutionNode = FALSE
	EndGlobalSection
EndGlobal
